
Microsoft Visual Studio Solution File, Format Version 12.00
# Visual Studio 15
VisualStudioVersion = 15.0.27130.2027
MinimumVisualStudioVersion = 10.0.40219.1
Project("{9A19103F-16F7-4668-BE54-9A1E7A4F7556}") = "SmartClock.Core", "SmartClock.Core\SmartClock.Core.csproj", "{F039DDD5-296E-4E3A-B0C4-C3BD10FAB382}"
EndProject
Project("{9A19103F-16F7-4668-BE54-9A1E7A4F7556}") = "SmartClock.JSClock", "SmartClock.JSClock\SmartClock.JSClock.csproj", "{B50EAF38-238F-4715-89D1-59D21B4D4116}"
EndProject
Project("{FAE04EC0-301F-11D3-BF4B-00C04F79EFBC}") = "SmartClock.UWPRenderer", "SmartClock.UWPRenderer\SmartClock.UWPRenderer.csproj", "{551D1E83-F8F1-4F0D-8B9D-1F2FE8E24FD6}"
EndProject
Project("{9A19103F-16F7-4668-BE54-9A1E7A4F7556}") = "SmartClock.InfoProviders.XinZhiWeatherInfoProvider", "SmartClock.InfoProviders.XinZhiWeatherInfoProvider\SmartClock.InfoProviders.XinZhiWeatherInfoProvider.csproj", "{E2712CB5-1C8B-4524-94D8-BC7AB3163D5B}"
EndProject
Project("{9A19103F-16F7-4668-BE54-9A1E7A4F7556}") = "SmartClock.NetcoreRenderer", "SmartClock.NetcoreRenderer\SmartClock.NetcoreRenderer.csproj", "{F29647AB-EABE-4E01-89D8-D2C459493C99}"
EndProject
Project("{9A19103F-16F7-4668-BE54-9A1E7A4F7556}") = "SmartClock.JSClockManager", "SmartClock.JSClockManager\SmartClock.JSClockManager.csproj", "{1FEFF14F-DBC9-4052-A71F-38CA445CE027}"
EndProject
Project("{FAE04EC0-301F-11D3-BF4B-00C04F79EFBC}") = "WinIoTEInk32RenderServer", "WinIoTEInk32RenderServer\WinIoTEInk32RenderServer.csproj", "{2F772D72-16B6-4713-850A-C762F085D5A2}"
EndProject
Project("{9A19103F-16F7-4668-BE54-9A1E7A4F7556}") = "SmartClock.Web", "SmartClock.Web\SmartClock.Web.csproj", "{C9656A45-F387-4F60-B6F6-1552436BD72C}"
EndProject
Project("{9A19103F-16F7-4668-BE54-9A1E7A4F7556}") = "SmartClock.Devices.WaveShareEInk42", "SmartClock.Devices.WaveShareEInk42\SmartClock.Devices.WaveShareEInk42.csproj", "{DBCE2363-6A92-40F6-9121-0F984154F7EC}"
EndProject
Project("{FAE04EC0-301F-11D3-BF4B-00C04F79EFBC}") = "UWPTest1", "UWPTest1\UWPTest1.csproj", "{962B2835-F539-4767-B6BA-6D1BF7850FB1}"
EndProject
Global
	GlobalSection(SolutionConfigurationPlatforms) = preSolution
		Debug|Any CPU = Debug|Any CPU
		Debug|ARM = Debug|ARM
		Debug|x64 = Debug|x64
		Debug|x86 = Debug|x86
		Release|Any CPU = Release|Any CPU
		Release|ARM = Release|ARM
		Release|x64 = Release|x64
		Release|x86 = Release|x86
	EndGlobalSection
	GlobalSection(ProjectConfigurationPlatforms) = postSolution
		{F039DDD5-296E-4E3A-B0C4-C3BD10FAB382}.Debug|Any CPU.ActiveCfg = Debug|Any CPU
		{F039DDD5-296E-4E3A-B0C4-C3BD10FAB382}.Debug|Any CPU.Build.0 = Debug|Any CPU
		{F039DDD5-296E-4E3A-B0C4-C3BD10FAB382}.Debug|ARM.ActiveCfg = Debug|Any CPU
		{F039DDD5-296E-4E3A-B0C4-C3BD10FAB382}.Debug|ARM.Build.0 = Debug|Any CPU
		{F039DDD5-296E-4E3A-B0C4-C3BD10FAB382}.Debug|x64.ActiveCfg = Debug|Any CPU
		{F039DDD5-296E-4E3A-B0C4-C3BD10FAB382}.Debug|x64.Build.0 = Debug|Any CPU
		{F039DDD5-296E-4E3A-B0C4-C3BD10FAB382}.Debug|x86.ActiveCfg = Debug|Any CPU
		{F039DDD5-296E-4E3A-B0C4-C3BD10FAB382}.Debug|x86.Build.0 = Debug|Any CPU
		{F039DDD5-296E-4E3A-B0C4-C3BD10FAB382}.Release|Any CPU.ActiveCfg = Release|Any CPU
		{F039DDD5-296E-4E3A-B0C4-C3BD10FAB382}.Release|Any CPU.Build.0 = Release|Any CPU
		{F039DDD5-296E-4E3A-B0C4-C3BD10FAB382}.Release|ARM.ActiveCfg = Release|Any CPU
		{F039DDD5-296E-4E3A-B0C4-C3BD10FAB382}.Release|ARM.Build.0 = Release|Any CPU
		{F039DDD5-296E-4E3A-B0C4-C3BD10FAB382}.Release|x64.ActiveCfg = Release|Any CPU
		{F039DDD5-296E-4E3A-B0C4-C3BD10FAB382}.Release|x64.Build.0 = Release|Any CPU
		{F039DDD5-296E-4E3A-B0C4-C3BD10FAB382}.Release|x86.ActiveCfg = Release|Any CPU
		{F039DDD5-296E-4E3A-B0C4-C3BD10FAB382}.Release|x86.Build.0 = Release|Any CPU
		{B50EAF38-238F-4715-89D1-59D21B4D4116}.Debug|Any CPU.ActiveCfg = Debug|Any CPU
		{B50EAF38-238F-4715-89D1-59D21B4D4116}.Debug|Any CPU.Build.0 = Debug|Any CPU
		{B50EAF38-238F-4715-89D1-59D21B4D4116}.Debug|ARM.ActiveCfg = Debug|Any CPU
		{B50EAF38-238F-4715-89D1-59D21B4D4116}.Debug|ARM.Build.0 = Debug|Any CPU
		{B50EAF38-238F-4715-89D1-59D21B4D4116}.Debug|x64.ActiveCfg = Debug|Any CPU
		{B50EAF38-238F-4715-89D1-59D21B4D4116}.Debug|x64.Build.0 = Debug|Any CPU
		{B50EAF38-238F-4715-89D1-59D21B4D4116}.Debug|x86.ActiveCfg = Debug|Any CPU
		{B50EAF38-238F-4715-89D1-59D21B4D4116}.Debug|x86.Build.0 = Debug|Any CPU
		{B50EAF38-238F-4715-89D1-59D21B4D4116}.Release|Any CPU.ActiveCfg = Release|Any CPU
		{B50EAF38-238F-4715-89D1-59D21B4D4116}.Release|Any CPU.Build.0 = Release|Any CPU
		{B50EAF38-238F-4715-89D1-59D21B4D4116}.Release|ARM.ActiveCfg = Release|Any CPU
		{B50EAF38-238F-4715-89D1-59D21B4D4116}.Release|ARM.Build.0 = Release|Any CPU
		{B50EAF38-238F-4715-89D1-59D21B4D4116}.Release|x64.ActiveCfg = Release|Any CPU
		{B50EAF38-238F-4715-89D1-59D21B4D4116}.Release|x64.Build.0 = Release|Any CPU
		{B50EAF38-238F-4715-89D1-59D21B4D4116}.Release|x86.ActiveCfg = Release|Any CPU
		{B50EAF38-238F-4715-89D1-59D21B4D4116}.Release|x86.Build.0 = Release|Any CPU
		{551D1E83-F8F1-4F0D-8B9D-1F2FE8E24FD6}.Debug|Any CPU.ActiveCfg = Debug|Any CPU
		{551D1E83-F8F1-4F0D-8B9D-1F2FE8E24FD6}.Debug|Any CPU.Build.0 = Debug|Any CPU
		{551D1E83-F8F1-4F0D-8B9D-1F2FE8E24FD6}.Debug|ARM.ActiveCfg = Debug|ARM
		{551D1E83-F8F1-4F0D-8B9D-1F2FE8E24FD6}.Debug|ARM.Build.0 = Debug|ARM
		{551D1E83-F8F1-4F0D-8B9D-1F2FE8E24FD6}.Debug|x64.ActiveCfg = Debug|x64
		{551D1E83-F8F1-4F0D-8B9D-1F2FE8E24FD6}.Debug|x64.Build.0 = Debug|x64
		{551D1E83-F8F1-4F0D-8B9D-1F2FE8E24FD6}.Debug|x86.ActiveCfg = Debug|x86
		{551D1E83-F8F1-4F0D-8B9D-1F2FE8E24FD6}.Debug|x86.Build.0 = Debug|x86
		{551D1E83-F8F1-4F0D-8B9D-1F2FE8E24FD6}.Release|Any CPU.ActiveCfg = Release|Any CPU
		{551D1E83-F8F1-4F0D-8B9D-1F2FE8E24FD6}.Release|Any CPU.Build.0 = Release|Any CPU
		{551D1E83-F8F1-4F0D-8B9D-1F2FE8E24FD6}.Release|ARM.ActiveCfg = Release|ARM
		{551D1E83-F8F1-4F0D-8B9D-1F2FE8E24FD6}.Release|ARM.Build.0 = Release|ARM
		{551D1E83-F8F1-4F0D-8B9D-1F2FE8E24FD6}.Release|x64.ActiveCfg = Release|x64
		{551D1E83-F8F1-4F0D-8B9D-1F2FE8E24FD6}.Release|x64.Build.0 = Release|x64
		{551D1E83-F8F1-4F0D-8B9D-1F2FE8E24FD6}.Release|x86.ActiveCfg = Release|x86
		{551D1E83-F8F1-4F0D-8B9D-1F2FE8E24FD6}.Release|x86.Build.0 = Release|x86
		{E2712CB5-1C8B-4524-94D8-BC7AB3163D5B}.Debug|Any CPU.ActiveCfg = Debug|Any CPU
		{E2712CB5-1C8B-4524-94D8-BC7AB3163D5B}.Debug|Any CPU.Build.0 = Debug|Any CPU
		{E2712CB5-1C8B-4524-94D8-BC7AB3163D5B}.Debug|ARM.ActiveCfg = Debug|Any CPU
		{E2712CB5-1C8B-4524-94D8-BC7AB3163D5B}.Debug|ARM.Build.0 = Debug|Any CPU
		{E2712CB5-1C8B-4524-94D8-BC7AB3163D5B}.Debug|x64.ActiveCfg = Debug|Any CPU
		{E2712CB5-1C8B-4524-94D8-BC7AB3163D5B}.Debug|x64.Build.0 = Debug|Any CPU
		{E2712CB5-1C8B-4524-94D8-BC7AB3163D5B}.Debug|x86.ActiveCfg = Debug|Any CPU
		{E2712CB5-1C8B-4524-94D8-BC7AB3163D5B}.Debug|x86.Build.0 = Debug|Any CPU
		{E2712CB5-1C8B-4524-94D8-BC7AB3163D5B}.Release|Any CPU.ActiveCfg = Release|Any CPU
		{E2712CB5-1C8B-4524-94D8-BC7AB3163D5B}.Release|Any CPU.Build.0 = Release|Any CPU
		{E2712CB5-1C8B-4524-94D8-BC7AB3163D5B}.Release|ARM.ActiveCfg = Release|Any CPU
		{E2712CB5-1C8B-4524-94D8-BC7AB3163D5B}.Release|ARM.Build.0 = Release|Any CPU
		{E2712CB5-1C8B-4524-94D8-BC7AB3163D5B}.Release|x64.ActiveCfg = Release|Any CPU
		{E2712CB5-1C8B-4524-94D8-BC7AB3163D5B}.Release|x64.Build.0 = Release|Any CPU
		{E2712CB5-1C8B-4524-94D8-BC7AB3163D5B}.Release|x86.ActiveCfg = Release|Any CPU
		{E2712CB5-1C8B-4524-94D8-BC7AB3163D5B}.Release|x86.Build.0 = Release|Any CPU
		{F29647AB-EABE-4E01-89D8-D2C459493C99}.Debug|Any CPU.ActiveCfg = Debug|Any CPU
		{F29647AB-EABE-4E01-89D8-D2C459493C99}.Debug|Any CPU.Build.0 = Debug|Any CPU
		{F29647AB-EABE-4E01-89D8-D2C459493C99}.Debug|ARM.ActiveCfg = Debug|Any CPU
		{F29647AB-EABE-4E01-89D8-D2C459493C99}.Debug|ARM.Build.0 = Debug|Any CPU
		{F29647AB-EABE-4E01-89D8-D2C459493C99}.Debug|x64.ActiveCfg = Debug|Any CPU
		{F29647AB-EABE-4E01-89D8-D2C459493C99}.Debug|x64.Build.0 = Debug|Any CPU
		{F29647AB-EABE-4E01-89D8-D2C459493C99}.Debug|x86.ActiveCfg = Debug|Any CPU
		{F29647AB-EABE-4E01-89D8-D2C459493C99}.Debug|x86.Build.0 = Debug|Any CPU
		{F29647AB-EABE-4E01-89D8-D2C459493C99}.Release|Any CPU.ActiveCfg = Release|Any CPU
		{F29647AB-EABE-4E01-89D8-D2C459493C99}.Release|Any CPU.Build.0 = Release|Any CPU
		{F29647AB-EABE-4E01-89D8-D2C459493C99}.Release|ARM.ActiveCfg = Release|Any CPU
		{F29647AB-EABE-4E01-89D8-D2C459493C99}.Release|ARM.Build.0 = Release|Any CPU
		{F29647AB-EABE-4E01-89D8-D2C459493C99}.Release|x64.ActiveCfg = Release|Any CPU
		{F29647AB-EABE-4E01-89D8-D2C459493C99}.Release|x64.Build.0 = Release|Any CPU
		{F29647AB-EABE-4E01-89D8-D2C459493C99}.Release|x86.ActiveCfg = Release|Any CPU
		{F29647AB-EABE-4E01-89D8-D2C459493C99}.Release|x86.Build.0 = Release|Any CPU
		{1FEFF14F-DBC9-4052-A71F-38CA445CE027}.Debug|Any CPU.ActiveCfg = Debug|Any CPU
		{1FEFF14F-DBC9-4052-A71F-38CA445CE027}.Debug|Any CPU.Build.0 = Debug|Any CPU
		{1FEFF14F-DBC9-4052-A71F-38CA445CE027}.Debug|ARM.ActiveCfg = Debug|Any CPU
		{1FEFF14F-DBC9-4052-A71F-38CA445CE027}.Debug|ARM.Build.0 = Debug|Any CPU
		{1FEFF14F-DBC9-4052-A71F-38CA445CE027}.Debug|x64.ActiveCfg = Debug|Any CPU
		{1FEFF14F-DBC9-4052-A71F-38CA445CE027}.Debug|x64.Build.0 = Debug|Any CPU
		{1FEFF14F-DBC9-4052-A71F-38CA445CE027}.Debug|x86.ActiveCfg = Debug|Any CPU
		{1FEFF14F-DBC9-4052-A71F-38CA445CE027}.Debug|x86.Build.0 = Debug|Any CPU
		{1FEFF14F-DBC9-4052-A71F-38CA445CE027}.Release|Any CPU.ActiveCfg = Release|Any CPU
		{1FEFF14F-DBC9-4052-A71F-38CA445CE027}.Release|Any CPU.Build.0 = Release|Any CPU
		{1FEFF14F-DBC9-4052-A71F-38CA445CE027}.Release|ARM.ActiveCfg = Release|Any CPU
		{1FEFF14F-DBC9-4052-A71F-38CA445CE027}.Release|ARM.Build.0 = Release|Any CPU
		{1FEFF14F-DBC9-4052-A71F-38CA445CE027}.Release|x64.ActiveCfg = Release|Any CPU
		{1FEFF14F-DBC9-4052-A71F-38CA445CE027}.Release|x64.Build.0 = Release|Any CPU
		{1FEFF14F-DBC9-4052-A71F-38CA445CE027}.Release|x86.ActiveCfg = Release|Any CPU
		{1FEFF14F-DBC9-4052-A71F-38CA445CE027}.Release|x86.Build.0 = Release|Any CPU
		{2F772D72-16B6-4713-850A-C762F085D5A2}.Debug|Any CPU.ActiveCfg = Debug|x86
		{2F772D72-16B6-4713-850A-C762F085D5A2}.Debug|Any CPU.Build.0 = Debug|x86
		{2F772D72-16B6-4713-850A-C762F085D5A2}.Debug|ARM.ActiveCfg = Debug|ARM
		{2F772D72-16B6-4713-850A-C762F085D5A2}.Debug|ARM.Build.0 = Debug|ARM
		{2F772D72-16B6-4713-850A-C762F085D5A2}.Debug|ARM.Deploy.0 = Debug|ARM
		{2F772D72-16B6-4713-850A-C762F085D5A2}.Debug|x64.ActiveCfg = Debug|x64
		{2F772D72-16B6-4713-850A-C762F085D5A2}.Debug|x64.Build.0 = Debug|x64
		{2F772D72-16B6-4713-850A-C762F085D5A2}.Debug|x64.Deploy.0 = Debug|x64
		{2F772D72-16B6-4713-850A-C762F085D5A2}.Debug|x86.ActiveCfg = Debug|x86
		{2F772D72-16B6-4713-850A-C762F085D5A2}.Debug|x86.Build.0 = Debug|x86
		{2F772D72-16B6-4713-850A-C762F085D5A2}.Debug|x86.Deploy.0 = Debug|x86
		{2F772D72-16B6-4713-850A-C762F085D5A2}.Release|Any CPU.ActiveCfg = Release|x86
		{2F772D72-16B6-4713-850A-C762F085D5A2}.Release|ARM.ActiveCfg = Release|ARM
		{2F772D72-16B6-4713-850A-C762F085D5A2}.Release|ARM.Build.0 = Release|ARM
		{2F772D72-16B6-4713-850A-C762F085D5A2}.Release|ARM.Deploy.0 = Release|ARM
		{2F772D72-16B6-4713-850A-C762F085D5A2}.Release|x64.ActiveCfg = Release|x64
		{2F772D72-16B6-4713-850A-C762F085D5A2}.Release|x64.Build.0 = Release|x64
		{2F772D72-16B6-4713-850A-C762F085D5A2}.Release|x64.Deploy.0 = Release|x64
		{2F772D72-16B6-4713-850A-C762F085D5A2}.Release|x86.ActiveCfg = Release|x86
		{2F772D72-16B6-4713-850A-C762F085D5A2}.Release|x86.Build.0 = Release|x86
		{2F772D72-16B6-4713-850A-C762F085D5A2}.Release|x86.Deploy.0 = Release|x86
		{C9656A45-F387-4F60-B6F6-1552436BD72C}.Debug|Any CPU.ActiveCfg = Debug|Any CPU
		{C9656A45-F387-4F60-B6F6-1552436BD72C}.Debug|Any CPU.Build.0 = Debug|Any CPU
		{C9656A45-F387-4F60-B6F6-1552436BD72C}.Debug|ARM.ActiveCfg = Debug|Any CPU
		{C9656A45-F387-4F60-B6F6-1552436BD72C}.Debug|ARM.Build.0 = Debug|Any CPU
		{C9656A45-F387-4F60-B6F6-1552436BD72C}.Debug|x64.ActiveCfg = Debug|Any CPU
		{C9656A45-F387-4F60-B6F6-1552436BD72C}.Debug|x64.Build.0 = Debug|Any CPU
		{C9656A45-F387-4F60-B6F6-1552436BD72C}.Debug|x86.ActiveCfg = Debug|Any CPU
		{C9656A45-F387-4F60-B6F6-1552436BD72C}.Debug|x86.Build.0 = Debug|Any CPU
		{C9656A45-F387-4F60-B6F6-1552436BD72C}.Release|Any CPU.ActiveCfg = Release|Any CPU
		{C9656A45-F387-4F60-B6F6-1552436BD72C}.Release|Any CPU.Build.0 = Release|Any CPU
		{C9656A45-F387-4F60-B6F6-1552436BD72C}.Release|ARM.ActiveCfg = Release|Any CPU
		{C9656A45-F387-4F60-B6F6-1552436BD72C}.Release|ARM.Build.0 = Release|Any CPU
		{C9656A45-F387-4F60-B6F6-1552436BD72C}.Release|x64.ActiveCfg = Release|Any CPU
		{C9656A45-F387-4F60-B6F6-1552436BD72C}.Release|x64.Build.0 = Release|Any CPU
		{C9656A45-F387-4F60-B6F6-1552436BD72C}.Release|x86.ActiveCfg = Release|Any CPU
		{C9656A45-F387-4F60-B6F6-1552436BD72C}.Release|x86.Build.0 = Release|Any CPU
		{DBCE2363-6A92-40F6-9121-0F984154F7EC}.Debug|Any CPU.ActiveCfg = Debug|Any CPU
		{DBCE2363-6A92-40F6-9121-0F984154F7EC}.Debug|Any CPU.Build.0 = Debug|Any CPU
		{DBCE2363-6A92-40F6-9121-0F984154F7EC}.Debug|ARM.ActiveCfg = Debug|Any CPU
		{DBCE2363-6A92-40F6-9121-0F984154F7EC}.Debug|ARM.Build.0 = Debug|Any CPU
		{DBCE2363-6A92-40F6-9121-0F984154F7EC}.Debug|x64.ActiveCfg = Debug|Any CPU
		{DBCE2363-6A92-40F6-9121-0F984154F7EC}.Debug|x64.Build.0 = Debug|Any CPU
		{DBCE2363-6A92-40F6-9121-0F984154F7EC}.Debug|x86.ActiveCfg = Debug|Any CPU
		{DBCE2363-6A92-40F6-9121-0F984154F7EC}.Debug|x86.Build.0 = Debug|Any CPU
		{DBCE2363-6A92-40F6-9121-0F984154F7EC}.Release|Any CPU.ActiveCfg = Release|Any CPU
		{DBCE2363-6A92-40F6-9121-0F984154F7EC}.Release|Any CPU.Build.0 = Release|Any CPU
		{DBCE2363-6A92-40F6-9121-0F984154F7EC}.Release|ARM.ActiveCfg = Release|Any CPU
		{DBCE2363-6A92-40F6-9121-0F984154F7EC}.Release|ARM.Build.0 = Release|Any CPU
		{DBCE2363-6A92-40F6-9121-0F984154F7EC}.Release|x64.ActiveCfg = Release|Any CPU
		{DBCE2363-6A92-40F6-9121-0F984154F7EC}.Release|x64.Build.0 = Release|Any CPU
		{DBCE2363-6A92-40F6-9121-0F984154F7EC}.Release|x86.ActiveCfg = Release|Any CPU
		{DBCE2363-6A92-40F6-9121-0F984154F7EC}.Release|x86.Build.0 = Release|Any CPU
		{962B2835-F539-4767-B6BA-6D1BF7850FB1}.Debug|Any CPU.ActiveCfg = Debug|x86
		{962B2835-F539-4767-B6BA-6D1BF7850FB1}.Debug|Any CPU.Build.0 = Debug|x86
		{962B2835-F539-4767-B6BA-6D1BF7850FB1}.Debug|Any CPU.Deploy.0 = Debug|x86
		{962B2835-F539-4767-B6BA-6D1BF7850FB1}.Debug|ARM.ActiveCfg = Debug|ARM
		{962B2835-F539-4767-B6BA-6D1BF7850FB1}.Debug|ARM.Build.0 = Debug|ARM
		{962B2835-F539-4767-B6BA-6D1BF7850FB1}.Debug|ARM.Deploy.0 = Debug|ARM
		{962B2835-F539-4767-B6BA-6D1BF7850FB1}.Debug|x64.ActiveCfg = Debug|x64
		{962B2835-F539-4767-B6BA-6D1BF7850FB1}.Debug|x64.Build.0 = Debug|x64
		{962B2835-F539-4767-B6BA-6D1BF7850FB1}.Debug|x64.Deploy.0 = Debug|x64
		{962B2835-F539-4767-B6BA-6D1BF7850FB1}.Debug|x86.ActiveCfg = Debug|x86
		{962B2835-F539-4767-B6BA-6D1BF7850FB1}.Debug|x86.Build.0 = Debug|x86
		{962B2835-F539-4767-B6BA-6D1BF7850FB1}.Debug|x86.Deploy.0 = Debug|x86
		{962B2835-F539-4767-B6BA-6D1BF7850FB1}.Release|Any CPU.ActiveCfg = Release|x86
		{962B2835-F539-4767-B6BA-6D1BF7850FB1}.Release|ARM.ActiveCfg = Release|ARM
		{962B2835-F539-4767-B6BA-6D1BF7850FB1}.Release|ARM.Build.0 = Release|ARM
		{962B2835-F539-4767-B6BA-6D1BF7850FB1}.Release|ARM.Deploy.0 = Release|ARM
		{962B2835-F539-4767-B6BA-6D1BF7850FB1}.Release|x64.ActiveCfg = Release|x64
		{962B2835-F539-4767-B6BA-6D1BF7850FB1}.Release|x64.Build.0 = Release|x64
		{962B2835-F539-4767-B6BA-6D1BF7850FB1}.Release|x64.Deploy.0 = Release|x64
		{962B2835-F539-4767-B6BA-6D1BF7850FB1}.Release|x86.ActiveCfg = Release|x86
		{962B2835-F539-4767-B6BA-6D1BF7850FB1}.Release|x86.Build.0 = Release|x86
		{962B2835-F539-4767-B6BA-6D1BF7850FB1}.Release|x86.Deploy.0 = Release|x86
	EndGlobalSection
	GlobalSection(SolutionProperties) = preSolution
		HideSolutionNode = FALSE
	EndGlobalSection
	GlobalSection(ExtensibilityGlobals) = postSolution
		SolutionGuid = {5890E1CD-30DE-4FE7-BDE5-84A0BDBDBE5F}
	EndGlobalSection
EndGlobal
