
Microsoft Visual Studio Solution File, Format Version 12.00
# Visual Studio 15
VisualStudioVersion = 15.0.27004.2005
MinimumVisualStudioVersion = 10.0.40219.1
Project("{9092AA53-FB77-4645-B42D-1CCCA6BD08BD}") = "MockupDeviceTCP", "MockupDeviceTCP\MockupDeviceTCP.njsproj", "{EF82F56E-3010-470B-AA02-DD07242BA0B7}"
EndProject
Project("{2150E333-8FDC-42A3-9474-1A3956D46DE8}") = "UWP", "UWP", "{7DBF905C-BD25-4890-9A42-0D12E535877D}"
EndProject
Project("{FAE04EC0-301F-11D3-BF4B-00C04F79EFBC}") = "SmartClock.Core", "SmartClock.Core\SmartClock.Core.csproj", "{F039DDD5-296E-4E3A-B0C4-C3BD10FAB382}"
EndProject
Project("{FAE04EC0-301F-11D3-BF4B-00C04F79EFBC}") = "SmartClock.WaveShareEInk", "SmartClock.WaveShareEInk\SmartClock.WaveShareEInk.csproj", "{D9CD831E-E7F0-483B-B206-EC729F8084D8}"
EndProject
Global
	GlobalSection(SolutionConfigurationPlatforms) = preSolution
		Debug|Any CPU = Debug|Any CPU
		Debug|ARM = Debug|ARM
		Debug|x64 = Debug|x64
		Debug|x86 = Debug|x86
		Release|Any CPU = Release|Any CPU
		Release|ARM = Release|ARM
		Release|x64 = Release|x64
		Release|x86 = Release|x86
	EndGlobalSection
	GlobalSection(ProjectConfigurationPlatforms) = postSolution
		{EF82F56E-3010-470B-AA02-DD07242BA0B7}.Debug|Any CPU.ActiveCfg = Debug|Any CPU
		{EF82F56E-3010-470B-AA02-DD07242BA0B7}.Debug|Any CPU.Build.0 = Debug|Any CPU
		{EF82F56E-3010-470B-AA02-DD07242BA0B7}.Debug|ARM.ActiveCfg = Debug|Any CPU
		{EF82F56E-3010-470B-AA02-DD07242BA0B7}.Debug|ARM.Build.0 = Debug|Any CPU
		{EF82F56E-3010-470B-AA02-DD07242BA0B7}.Debug|x64.ActiveCfg = Debug|Any CPU
		{EF82F56E-3010-470B-AA02-DD07242BA0B7}.Debug|x64.Build.0 = Debug|Any CPU
		{EF82F56E-3010-470B-AA02-DD07242BA0B7}.Debug|x86.ActiveCfg = Debug|Any CPU
		{EF82F56E-3010-470B-AA02-DD07242BA0B7}.Debug|x86.Build.0 = Debug|Any CPU
		{EF82F56E-3010-470B-AA02-DD07242BA0B7}.Release|Any CPU.ActiveCfg = Release|Any CPU
		{EF82F56E-3010-470B-AA02-DD07242BA0B7}.Release|Any CPU.Build.0 = Release|Any CPU
		{EF82F56E-3010-470B-AA02-DD07242BA0B7}.Release|ARM.ActiveCfg = Release|Any CPU
		{EF82F56E-3010-470B-AA02-DD07242BA0B7}.Release|ARM.Build.0 = Release|Any CPU
		{EF82F56E-3010-470B-AA02-DD07242BA0B7}.Release|x64.ActiveCfg = Release|Any CPU
		{EF82F56E-3010-470B-AA02-DD07242BA0B7}.Release|x64.Build.0 = Release|Any CPU
		{EF82F56E-3010-470B-AA02-DD07242BA0B7}.Release|x86.ActiveCfg = Release|Any CPU
		{EF82F56E-3010-470B-AA02-DD07242BA0B7}.Release|x86.Build.0 = Release|Any CPU
		{F039DDD5-296E-4E3A-B0C4-C3BD10FAB382}.Debug|Any CPU.ActiveCfg = Debug|Any CPU
		{F039DDD5-296E-4E3A-B0C4-C3BD10FAB382}.Debug|Any CPU.Build.0 = Debug|Any CPU
		{F039DDD5-296E-4E3A-B0C4-C3BD10FAB382}.Debug|ARM.ActiveCfg = Debug|Any CPU
		{F039DDD5-296E-4E3A-B0C4-C3BD10FAB382}.Debug|ARM.Build.0 = Debug|Any CPU
		{F039DDD5-296E-4E3A-B0C4-C3BD10FAB382}.Debug|x64.ActiveCfg = Debug|Any CPU
		{F039DDD5-296E-4E3A-B0C4-C3BD10FAB382}.Debug|x64.Build.0 = Debug|Any CPU
		{F039DDD5-296E-4E3A-B0C4-C3BD10FAB382}.Debug|x86.ActiveCfg = Debug|Any CPU
		{F039DDD5-296E-4E3A-B0C4-C3BD10FAB382}.Debug|x86.Build.0 = Debug|Any CPU
		{F039DDD5-296E-4E3A-B0C4-C3BD10FAB382}.Release|Any CPU.ActiveCfg = Release|Any CPU
		{F039DDD5-296E-4E3A-B0C4-C3BD10FAB382}.Release|Any CPU.Build.0 = Release|Any CPU
		{F039DDD5-296E-4E3A-B0C4-C3BD10FAB382}.Release|ARM.ActiveCfg = Release|Any CPU
		{F039DDD5-296E-4E3A-B0C4-C3BD10FAB382}.Release|ARM.Build.0 = Release|Any CPU
		{F039DDD5-296E-4E3A-B0C4-C3BD10FAB382}.Release|x64.ActiveCfg = Release|Any CPU
		{F039DDD5-296E-4E3A-B0C4-C3BD10FAB382}.Release|x64.Build.0 = Release|Any CPU
		{F039DDD5-296E-4E3A-B0C4-C3BD10FAB382}.Release|x86.ActiveCfg = Release|Any CPU
		{F039DDD5-296E-4E3A-B0C4-C3BD10FAB382}.Release|x86.Build.0 = Release|Any CPU
		{D9CD831E-E7F0-483B-B206-EC729F8084D8}.Debug|Any CPU.ActiveCfg = Debug|Any CPU
		{D9CD831E-E7F0-483B-B206-EC729F8084D8}.Debug|Any CPU.Build.0 = Debug|Any CPU
		{D9CD831E-E7F0-483B-B206-EC729F8084D8}.Debug|ARM.ActiveCfg = Debug|Any CPU
		{D9CD831E-E7F0-483B-B206-EC729F8084D8}.Debug|ARM.Build.0 = Debug|Any CPU
		{D9CD831E-E7F0-483B-B206-EC729F8084D8}.Debug|x64.ActiveCfg = Debug|Any CPU
		{D9CD831E-E7F0-483B-B206-EC729F8084D8}.Debug|x64.Build.0 = Debug|Any CPU
		{D9CD831E-E7F0-483B-B206-EC729F8084D8}.Debug|x86.ActiveCfg = Debug|Any CPU
		{D9CD831E-E7F0-483B-B206-EC729F8084D8}.Debug|x86.Build.0 = Debug|Any CPU
		{D9CD831E-E7F0-483B-B206-EC729F8084D8}.Release|Any CPU.ActiveCfg = Release|Any CPU
		{D9CD831E-E7F0-483B-B206-EC729F8084D8}.Release|Any CPU.Build.0 = Release|Any CPU
		{D9CD831E-E7F0-483B-B206-EC729F8084D8}.Release|ARM.ActiveCfg = Release|Any CPU
		{D9CD831E-E7F0-483B-B206-EC729F8084D8}.Release|ARM.Build.0 = Release|Any CPU
		{D9CD831E-E7F0-483B-B206-EC729F8084D8}.Release|x64.ActiveCfg = Release|Any CPU
		{D9CD831E-E7F0-483B-B206-EC729F8084D8}.Release|x64.Build.0 = Release|Any CPU
		{D9CD831E-E7F0-483B-B206-EC729F8084D8}.Release|x86.ActiveCfg = Release|Any CPU
		{D9CD831E-E7F0-483B-B206-EC729F8084D8}.Release|x86.Build.0 = Release|Any CPU
	EndGlobalSection
	GlobalSection(SolutionProperties) = preSolution
		HideSolutionNode = FALSE
	EndGlobalSection
	GlobalSection(ExtensibilityGlobals) = postSolution
		SolutionGuid = {5890E1CD-30DE-4FE7-BDE5-84A0BDBDBE5F}
	EndGlobalSection
EndGlobal
