
Microsoft Visual Studio Solution File, Format Version 12.00
# Visual Studio Version 17
VisualStudioVersion = 17.1.32319.34
MinimumVisualStudioVersion = 10.0.40219.1
Project("{9A19103F-16F7-4668-BE54-9A1E7A4F7556}") = "SmartClock.Core", "SmartClock.Core\SmartClock.Core.csproj", "{F039DDD5-296E-4E3A-B0C4-C3BD10FAB382}"
EndProject
Project("{9A19103F-16F7-4668-BE54-9A1E7A4F7556}") = "SmartClock.ScriptClock.ImageSharp", "SmartClock.ScriptClock.ImageSharp\SmartClock.ScriptClock.ImageSharp.csproj", "{DDBC3536-CF75-4429-A0F7-9EBDE8C58813}"
EndProject
Project("{9A19103F-16F7-4668-BE54-9A1E7A4F7556}") = "SmartClock.Studio", "SmartClock.Studio\SmartClock.Studio.csproj", "{86E16EA0-7AB0-4EA3-A5CE-2DD925BD3C5A}"
EndProject
Project("{FAE04EC0-301F-11D3-BF4B-00C04F79EFBC}") = "QuickTest", "QuickTest\QuickTest.csproj", "{A7FB65BD-DC83-4C18-8F69-921D1CB3711B}"
EndProject
Global
	GlobalSection(SolutionConfigurationPlatforms) = preSolution
		Debug|Any CPU = Debug|Any CPU
		Debug|ARM = Debug|ARM
		Debug|arm64 = Debug|arm64
		Debug|x64 = Debug|x64
		Debug|x86 = Debug|x86
		Release|Any CPU = Release|Any CPU
		Release|ARM = Release|ARM
		Release|arm64 = Release|arm64
		Release|x64 = Release|x64
		Release|x86 = Release|x86
	EndGlobalSection
	GlobalSection(ProjectConfigurationPlatforms) = postSolution
		{F039DDD5-296E-4E3A-B0C4-C3BD10FAB382}.Debug|Any CPU.ActiveCfg = Debug|Any CPU
		{F039DDD5-296E-4E3A-B0C4-C3BD10FAB382}.Debug|Any CPU.Build.0 = Debug|Any CPU
		{F039DDD5-296E-4E3A-B0C4-C3BD10FAB382}.Debug|ARM.ActiveCfg = Debug|Any CPU
		{F039DDD5-296E-4E3A-B0C4-C3BD10FAB382}.Debug|ARM.Build.0 = Debug|Any CPU
		{F039DDD5-296E-4E3A-B0C4-C3BD10FAB382}.Debug|arm64.ActiveCfg = Debug|Any CPU
		{F039DDD5-296E-4E3A-B0C4-C3BD10FAB382}.Debug|arm64.Build.0 = Debug|Any CPU
		{F039DDD5-296E-4E3A-B0C4-C3BD10FAB382}.Debug|x64.ActiveCfg = Debug|Any CPU
		{F039DDD5-296E-4E3A-B0C4-C3BD10FAB382}.Debug|x64.Build.0 = Debug|Any CPU
		{F039DDD5-296E-4E3A-B0C4-C3BD10FAB382}.Debug|x86.ActiveCfg = Debug|Any CPU
		{F039DDD5-296E-4E3A-B0C4-C3BD10FAB382}.Debug|x86.Build.0 = Debug|Any CPU
		{F039DDD5-296E-4E3A-B0C4-C3BD10FAB382}.Release|Any CPU.ActiveCfg = Release|Any CPU
		{F039DDD5-296E-4E3A-B0C4-C3BD10FAB382}.Release|Any CPU.Build.0 = Release|Any CPU
		{F039DDD5-296E-4E3A-B0C4-C3BD10FAB382}.Release|ARM.ActiveCfg = Release|Any CPU
		{F039DDD5-296E-4E3A-B0C4-C3BD10FAB382}.Release|ARM.Build.0 = Release|Any CPU
		{F039DDD5-296E-4E3A-B0C4-C3BD10FAB382}.Release|arm64.ActiveCfg = Release|Any CPU
		{F039DDD5-296E-4E3A-B0C4-C3BD10FAB382}.Release|arm64.Build.0 = Release|Any CPU
		{F039DDD5-296E-4E3A-B0C4-C3BD10FAB382}.Release|x64.ActiveCfg = Release|Any CPU
		{F039DDD5-296E-4E3A-B0C4-C3BD10FAB382}.Release|x64.Build.0 = Release|Any CPU
		{F039DDD5-296E-4E3A-B0C4-C3BD10FAB382}.Release|x86.ActiveCfg = Release|Any CPU
		{F039DDD5-296E-4E3A-B0C4-C3BD10FAB382}.Release|x86.Build.0 = Release|Any CPU
		{DDBC3536-CF75-4429-A0F7-9EBDE8C58813}.Debug|Any CPU.ActiveCfg = Debug|Any CPU
		{DDBC3536-CF75-4429-A0F7-9EBDE8C58813}.Debug|Any CPU.Build.0 = Debug|Any CPU
		{DDBC3536-CF75-4429-A0F7-9EBDE8C58813}.Debug|ARM.ActiveCfg = Debug|Any CPU
		{DDBC3536-CF75-4429-A0F7-9EBDE8C58813}.Debug|ARM.Build.0 = Debug|Any CPU
		{DDBC3536-CF75-4429-A0F7-9EBDE8C58813}.Debug|arm64.ActiveCfg = Debug|Any CPU
		{DDBC3536-CF75-4429-A0F7-9EBDE8C58813}.Debug|arm64.Build.0 = Debug|Any CPU
		{DDBC3536-CF75-4429-A0F7-9EBDE8C58813}.Debug|x64.ActiveCfg = Debug|Any CPU
		{DDBC3536-CF75-4429-A0F7-9EBDE8C58813}.Debug|x64.Build.0 = Debug|Any CPU
		{DDBC3536-CF75-4429-A0F7-9EBDE8C58813}.Debug|x86.ActiveCfg = Debug|Any CPU
		{DDBC3536-CF75-4429-A0F7-9EBDE8C58813}.Debug|x86.Build.0 = Debug|Any CPU
		{DDBC3536-CF75-4429-A0F7-9EBDE8C58813}.Release|Any CPU.ActiveCfg = Release|Any CPU
		{DDBC3536-CF75-4429-A0F7-9EBDE8C58813}.Release|Any CPU.Build.0 = Release|Any CPU
		{DDBC3536-CF75-4429-A0F7-9EBDE8C58813}.Release|ARM.ActiveCfg = Release|Any CPU
		{DDBC3536-CF75-4429-A0F7-9EBDE8C58813}.Release|ARM.Build.0 = Release|Any CPU
		{DDBC3536-CF75-4429-A0F7-9EBDE8C58813}.Release|arm64.ActiveCfg = Release|Any CPU
		{DDBC3536-CF75-4429-A0F7-9EBDE8C58813}.Release|arm64.Build.0 = Release|Any CPU
		{DDBC3536-CF75-4429-A0F7-9EBDE8C58813}.Release|x64.ActiveCfg = Release|Any CPU
		{DDBC3536-CF75-4429-A0F7-9EBDE8C58813}.Release|x64.Build.0 = Release|Any CPU
		{DDBC3536-CF75-4429-A0F7-9EBDE8C58813}.Release|x86.ActiveCfg = Release|Any CPU
		{DDBC3536-CF75-4429-A0F7-9EBDE8C58813}.Release|x86.Build.0 = Release|Any CPU
		{86E16EA0-7AB0-4EA3-A5CE-2DD925BD3C5A}.Debug|Any CPU.ActiveCfg = Debug|x64
		{86E16EA0-7AB0-4EA3-A5CE-2DD925BD3C5A}.Debug|Any CPU.Build.0 = Debug|x64
		{86E16EA0-7AB0-4EA3-A5CE-2DD925BD3C5A}.Debug|Any CPU.Deploy.0 = Debug|x64
		{86E16EA0-7AB0-4EA3-A5CE-2DD925BD3C5A}.Debug|ARM.ActiveCfg = Debug|x64
		{86E16EA0-7AB0-4EA3-A5CE-2DD925BD3C5A}.Debug|ARM.Build.0 = Debug|x64
		{86E16EA0-7AB0-4EA3-A5CE-2DD925BD3C5A}.Debug|ARM.Deploy.0 = Debug|x64
		{86E16EA0-7AB0-4EA3-A5CE-2DD925BD3C5A}.Debug|arm64.ActiveCfg = Debug|arm64
		{86E16EA0-7AB0-4EA3-A5CE-2DD925BD3C5A}.Debug|arm64.Build.0 = Debug|arm64
		{86E16EA0-7AB0-4EA3-A5CE-2DD925BD3C5A}.Debug|arm64.Deploy.0 = Debug|arm64
		{86E16EA0-7AB0-4EA3-A5CE-2DD925BD3C5A}.Debug|x64.ActiveCfg = Debug|x64
		{86E16EA0-7AB0-4EA3-A5CE-2DD925BD3C5A}.Debug|x64.Build.0 = Debug|x64
		{86E16EA0-7AB0-4EA3-A5CE-2DD925BD3C5A}.Debug|x64.Deploy.0 = Debug|x64
		{86E16EA0-7AB0-4EA3-A5CE-2DD925BD3C5A}.Debug|x86.ActiveCfg = Debug|x86
		{86E16EA0-7AB0-4EA3-A5CE-2DD925BD3C5A}.Debug|x86.Build.0 = Debug|x86
		{86E16EA0-7AB0-4EA3-A5CE-2DD925BD3C5A}.Debug|x86.Deploy.0 = Debug|x86
		{86E16EA0-7AB0-4EA3-A5CE-2DD925BD3C5A}.Release|Any CPU.ActiveCfg = Release|x64
		{86E16EA0-7AB0-4EA3-A5CE-2DD925BD3C5A}.Release|Any CPU.Build.0 = Release|x64
		{86E16EA0-7AB0-4EA3-A5CE-2DD925BD3C5A}.Release|Any CPU.Deploy.0 = Release|x64
		{86E16EA0-7AB0-4EA3-A5CE-2DD925BD3C5A}.Release|ARM.ActiveCfg = Release|x64
		{86E16EA0-7AB0-4EA3-A5CE-2DD925BD3C5A}.Release|ARM.Build.0 = Release|x64
		{86E16EA0-7AB0-4EA3-A5CE-2DD925BD3C5A}.Release|ARM.Deploy.0 = Release|x64
		{86E16EA0-7AB0-4EA3-A5CE-2DD925BD3C5A}.Release|arm64.ActiveCfg = Release|arm64
		{86E16EA0-7AB0-4EA3-A5CE-2DD925BD3C5A}.Release|arm64.Build.0 = Release|arm64
		{86E16EA0-7AB0-4EA3-A5CE-2DD925BD3C5A}.Release|arm64.Deploy.0 = Release|arm64
		{86E16EA0-7AB0-4EA3-A5CE-2DD925BD3C5A}.Release|x64.ActiveCfg = Release|x64
		{86E16EA0-7AB0-4EA3-A5CE-2DD925BD3C5A}.Release|x64.Build.0 = Release|x64
		{86E16EA0-7AB0-4EA3-A5CE-2DD925BD3C5A}.Release|x64.Deploy.0 = Release|x64
		{86E16EA0-7AB0-4EA3-A5CE-2DD925BD3C5A}.Release|x86.ActiveCfg = Release|x86
		{86E16EA0-7AB0-4EA3-A5CE-2DD925BD3C5A}.Release|x86.Build.0 = Release|x86
		{86E16EA0-7AB0-4EA3-A5CE-2DD925BD3C5A}.Release|x86.Deploy.0 = Release|x86
		{A7FB65BD-DC83-4C18-8F69-921D1CB3711B}.Debug|Any CPU.ActiveCfg = Debug|Any CPU
		{A7FB65BD-DC83-4C18-8F69-921D1CB3711B}.Debug|Any CPU.Build.0 = Debug|Any CPU
		{A7FB65BD-DC83-4C18-8F69-921D1CB3711B}.Debug|ARM.ActiveCfg = Debug|Any CPU
		{A7FB65BD-DC83-4C18-8F69-921D1CB3711B}.Debug|ARM.Build.0 = Debug|Any CPU
		{A7FB65BD-DC83-4C18-8F69-921D1CB3711B}.Debug|arm64.ActiveCfg = Debug|Any CPU
		{A7FB65BD-DC83-4C18-8F69-921D1CB3711B}.Debug|arm64.Build.0 = Debug|Any CPU
		{A7FB65BD-DC83-4C18-8F69-921D1CB3711B}.Debug|x64.ActiveCfg = Debug|Any CPU
		{A7FB65BD-DC83-4C18-8F69-921D1CB3711B}.Debug|x64.Build.0 = Debug|Any CPU
		{A7FB65BD-DC83-4C18-8F69-921D1CB3711B}.Debug|x86.ActiveCfg = Debug|Any CPU
		{A7FB65BD-DC83-4C18-8F69-921D1CB3711B}.Debug|x86.Build.0 = Debug|Any CPU
		{A7FB65BD-DC83-4C18-8F69-921D1CB3711B}.Release|Any CPU.ActiveCfg = Release|Any CPU
		{A7FB65BD-DC83-4C18-8F69-921D1CB3711B}.Release|Any CPU.Build.0 = Release|Any CPU
		{A7FB65BD-DC83-4C18-8F69-921D1CB3711B}.Release|ARM.ActiveCfg = Release|Any CPU
		{A7FB65BD-DC83-4C18-8F69-921D1CB3711B}.Release|ARM.Build.0 = Release|Any CPU
		{A7FB65BD-DC83-4C18-8F69-921D1CB3711B}.Release|arm64.ActiveCfg = Release|Any CPU
		{A7FB65BD-DC83-4C18-8F69-921D1CB3711B}.Release|arm64.Build.0 = Release|Any CPU
		{A7FB65BD-DC83-4C18-8F69-921D1CB3711B}.Release|x64.ActiveCfg = Release|Any CPU
		{A7FB65BD-DC83-4C18-8F69-921D1CB3711B}.Release|x64.Build.0 = Release|Any CPU
		{A7FB65BD-DC83-4C18-8F69-921D1CB3711B}.Release|x86.ActiveCfg = Release|Any CPU
		{A7FB65BD-DC83-4C18-8F69-921D1CB3711B}.Release|x86.Build.0 = Release|Any CPU
	EndGlobalSection
	GlobalSection(SolutionProperties) = preSolution
		HideSolutionNode = FALSE
	EndGlobalSection
	GlobalSection(ExtensibilityGlobals) = postSolution
		SolutionGuid = {5890E1CD-30DE-4FE7-BDE5-84A0BDBDBE5F}
	EndGlobalSection
EndGlobal
